// !$*UTF8*$!
{
	archiveVersion = 1;
	classes = {
	};
	objectVersion = 56;
	objects = {

/* Begin PBXBuildFile section */
		FD30DCA62AB040E5002A35C7 /* MenuViewModel.swift in Sources */ = {isa = PBXBuildFile; fileRef = FD30DCA52AB040E5002A35C7 /* MenuViewModel.swift */; };
		FD30DCA82AB040FD002A35C7 /* MarketViewModel.swift in Sources */ = {isa = PBXBuildFile; fileRef = FD30DCA72AB040FD002A35C7 /* MarketViewModel.swift */; };
		FD30DCAA2AB04129002A35C7 /* UserViewModel.swift in Sources */ = {isa = PBXBuildFile; fileRef = FD30DCA92AB04129002A35C7 /* UserViewModel.swift */; };
		FD30DCAC2AB0413D002A35C7 /* OrderViewModel.swift in Sources */ = {isa = PBXBuildFile; fileRef = FD30DCAB2AB0413D002A35C7 /* OrderViewModel.swift */; };
		FD30DCAE2AB041CC002A35C7 /* Menu.swift in Sources */ = {isa = PBXBuildFile; fileRef = FD30DCAD2AB041CC002A35C7 /* Menu.swift */; };
		FD30DCB02AB042C8002A35C7 /* Market.swift in Sources */ = {isa = PBXBuildFile; fileRef = FD30DCAF2AB042C8002A35C7 /* Market.swift */; };
		FD30DCB22AB04302002A35C7 /* User.swift in Sources */ = {isa = PBXBuildFile; fileRef = FD30DCB12AB04302002A35C7 /* User.swift */; };
		FD30DCB42AB04349002A35C7 /* Order.swift in Sources */ = {isa = PBXBuildFile; fileRef = FD30DCB32AB04349002A35C7 /* Order.swift */; };
		FD30DCB62AB044EC002A35C7 /* ViewModelProtocol.swift in Sources */ = {isa = PBXBuildFile; fileRef = FD30DCB52AB044EC002A35C7 /* ViewModelProtocol.swift */; };
		FD465B912AB92C0800827911 /* Alamofire in Frameworks */ = {isa = PBXBuildFile; productRef = FD465B902AB92C0800827911 /* Alamofire */; };
		FD465B942AB92C6800827911 /* KakaoSDK in Frameworks */ = {isa = PBXBuildFile; productRef = FD465B932AB92C6800827911 /* KakaoSDK */; };
		FD465B962AB92C6800827911 /* KakaoSDKAuth in Frameworks */ = {isa = PBXBuildFile; productRef = FD465B952AB92C6800827911 /* KakaoSDKAuth */; };
		FD465B982AB92C6800827911 /* KakaoSDKUser in Frameworks */ = {isa = PBXBuildFile; productRef = FD465B972AB92C6800827911 /* KakaoSDKUser */; };
		FD92905C2A9D1EE900A41A6B /* MAKSApp.swift in Sources */ = {isa = PBXBuildFile; fileRef = FD92905B2A9D1EE900A41A6B /* MAKSApp.swift */; };
		FD9290602A9D1EEA00A41A6B /* Assets.xcassets in Resources */ = {isa = PBXBuildFile; fileRef = FD92905F2A9D1EEA00A41A6B /* Assets.xcassets */; };
		FD9290632A9D1EEA00A41A6B /* Preview Assets.xcassets in Resources */ = {isa = PBXBuildFile; fileRef = FD9290622A9D1EEA00A41A6B /* Preview Assets.xcassets */; };
		FD92906F2A9D50B500A41A6B /* Color+.swift in Sources */ = {isa = PBXBuildFile; fileRef = FD92906E2A9D50B500A41A6B /* Color+.swift */; };
		FD9290762A9E3ACB00A41A6B /* MKButton.swift in Sources */ = {isa = PBXBuildFile; fileRef = FD9290752A9E3ACB00A41A6B /* MKButton.swift */; };
		FD9290782A9E421A00A41A6B /* MKSearchBar.swift in Sources */ = {isa = PBXBuildFile; fileRef = FD9290772A9E421900A41A6B /* MKSearchBar.swift */; };
		FD92907A2A9E461F00A41A6B /* MKSearchChip.swift in Sources */ = {isa = PBXBuildFile; fileRef = FD9290792A9E461F00A41A6B /* MKSearchChip.swift */; };
		FD92907C2A9E488A00A41A6B /* MKFloatingButton.swift in Sources */ = {isa = PBXBuildFile; fileRef = FD92907B2A9E488A00A41A6B /* MKFloatingButton.swift */; };
		FD92907E2A9E4CC100A41A6B /* LoginView.swift in Sources */ = {isa = PBXBuildFile; fileRef = FD92907D2A9E4CC100A41A6B /* LoginView.swift */; };
		FD9290802A9E4FA800A41A6B /* KakaoLoginButton.swift in Sources */ = {isa = PBXBuildFile; fileRef = FD92907F2A9E4FA800A41A6B /* KakaoLoginButton.swift */; };
		FD9290822A9E52FA00A41A6B /* UIScreen+.swift in Sources */ = {isa = PBXBuildFile; fileRef = FD9290812A9E52FA00A41A6B /* UIScreen+.swift */; };
		FD9290852A9E57EE00A41A6B /* AppleLoginButton.swift in Sources */ = {isa = PBXBuildFile; fileRef = FD9290842A9E57EE00A41A6B /* AppleLoginButton.swift */; };
		FD9290882A9E5C6300A41A6B /* MyPageView.swift in Sources */ = {isa = PBXBuildFile; fileRef = FD9290872A9E5C6300A41A6B /* MyPageView.swift */; };
		FD92908C2A9E638F00A41A6B /* ChevronRightButton.swift in Sources */ = {isa = PBXBuildFile; fileRef = FD92908B2A9E638F00A41A6B /* ChevronRightButton.swift */; };
		FDD1F5DA2A9EA4BF0076469D /* MKTabBar.swift in Sources */ = {isa = PBXBuildFile; fileRef = FDD1F5D92A9EA4BF0076469D /* MKTabBar.swift */; };
		FDD1F5DC2A9EB05F0076469D /* MainRouteView.swift in Sources */ = {isa = PBXBuildFile; fileRef = FDD1F5DB2A9EB05F0076469D /* MainRouteView.swift */; };
		FDD1F5E22A9EB5B20076469D /* HomeView.swift in Sources */ = {isa = PBXBuildFile; fileRef = FDD1F5E12A9EB5B20076469D /* HomeView.swift */; };
		FDD1F5E42A9FCA150076469D /* MarketRowView.swift in Sources */ = {isa = PBXBuildFile; fileRef = FDD1F5E32A9FCA150076469D /* MarketRowView.swift */; };
		FDD1F5E62A9FD5470076469D /* TitleBar.swift in Sources */ = {isa = PBXBuildFile; fileRef = FDD1F5E52A9FD5470076469D /* TitleBar.swift */; };
		FDD1F5E82AA2338D0076469D /* OrderListView.swift in Sources */ = {isa = PBXBuildFile; fileRef = FDD1F5E72AA2338D0076469D /* OrderListView.swift */; };
		FDD1F5EA2AA233CC0076469D /* OrderRowView.swift in Sources */ = {isa = PBXBuildFile; fileRef = FDD1F5E92AA233CC0076469D /* OrderRowView.swift */; };
		FDD1F5EC2AA234440076469D /* Date+.swift in Sources */ = {isa = PBXBuildFile; fileRef = FDD1F5EB2AA234440076469D /* Date+.swift */; };
		FDD1F5EE2AA252B90076469D /* SearchView.swift in Sources */ = {isa = PBXBuildFile; fileRef = FDD1F5ED2AA252B90076469D /* SearchView.swift */; };
		FDD1F5F02AA253190076469D /* SearchResultView.swift in Sources */ = {isa = PBXBuildFile; fileRef = FDD1F5EF2AA253190076469D /* SearchResultView.swift */; };
		FDECBD342AA6FC5D00EB0619 /* MarketDetailView.swift in Sources */ = {isa = PBXBuildFile; fileRef = FDECBD332AA6FC5D00EB0619 /* MarketDetailView.swift */; };
		FDECBD362AA7248000EB0619 /* MenuRow.swift in Sources */ = {isa = PBXBuildFile; fileRef = FDECBD352AA7248000EB0619 /* MenuRow.swift */; };
/* End PBXBuildFile section */

/* Begin PBXFileReference section */
		FD30DCA52AB040E5002A35C7 /* MenuViewModel.swift */ = {isa = PBXFileReference; lastKnownFileType = sourcecode.swift; path = MenuViewModel.swift; sourceTree = "<group>"; };
		FD30DCA72AB040FD002A35C7 /* MarketViewModel.swift */ = {isa = PBXFileReference; lastKnownFileType = sourcecode.swift; path = MarketViewModel.swift; sourceTree = "<group>"; };
		FD30DCA92AB04129002A35C7 /* UserViewModel.swift */ = {isa = PBXFileReference; lastKnownFileType = sourcecode.swift; path = UserViewModel.swift; sourceTree = "<group>"; };
		FD30DCAB2AB0413D002A35C7 /* OrderViewModel.swift */ = {isa = PBXFileReference; lastKnownFileType = sourcecode.swift; path = OrderViewModel.swift; sourceTree = "<group>"; };
		FD30DCAD2AB041CC002A35C7 /* Menu.swift */ = {isa = PBXFileReference; lastKnownFileType = sourcecode.swift; path = Menu.swift; sourceTree = "<group>"; };
		FD30DCAF2AB042C8002A35C7 /* Market.swift */ = {isa = PBXFileReference; lastKnownFileType = sourcecode.swift; path = Market.swift; sourceTree = "<group>"; };
		FD30DCB12AB04302002A35C7 /* User.swift */ = {isa = PBXFileReference; lastKnownFileType = sourcecode.swift; path = User.swift; sourceTree = "<group>"; };
		FD30DCB32AB04349002A35C7 /* Order.swift */ = {isa = PBXFileReference; lastKnownFileType = sourcecode.swift; path = Order.swift; sourceTree = "<group>"; };
		FD30DCB52AB044EC002A35C7 /* ViewModelProtocol.swift */ = {isa = PBXFileReference; lastKnownFileType = sourcecode.swift; path = ViewModelProtocol.swift; sourceTree = "<group>"; };
		FD9290582A9D1EE900A41A6B /* MAKS.app */ = {isa = PBXFileReference; explicitFileType = wrapper.application; includeInIndex = 0; path = MAKS.app; sourceTree = BUILT_PRODUCTS_DIR; };
		FD92905B2A9D1EE900A41A6B /* MAKSApp.swift */ = {isa = PBXFileReference; lastKnownFileType = sourcecode.swift; path = MAKSApp.swift; sourceTree = "<group>"; };
		FD92905F2A9D1EEA00A41A6B /* Assets.xcassets */ = {isa = PBXFileReference; lastKnownFileType = folder.assetcatalog; path = Assets.xcassets; sourceTree = "<group>"; };
		FD9290622A9D1EEA00A41A6B /* Preview Assets.xcassets */ = {isa = PBXFileReference; lastKnownFileType = folder.assetcatalog; path = "Preview Assets.xcassets"; sourceTree = "<group>"; };
		FD92906E2A9D50B500A41A6B /* Color+.swift */ = {isa = PBXFileReference; lastKnownFileType = sourcecode.swift; path = "Color+.swift"; sourceTree = "<group>"; };
		FD9290752A9E3ACB00A41A6B /* MKButton.swift */ = {isa = PBXFileReference; lastKnownFileType = sourcecode.swift; path = MKButton.swift; sourceTree = "<group>"; };
		FD9290772A9E421900A41A6B /* MKSearchBar.swift */ = {isa = PBXFileReference; lastKnownFileType = sourcecode.swift; path = MKSearchBar.swift; sourceTree = "<group>"; };
		FD9290792A9E461F00A41A6B /* MKSearchChip.swift */ = {isa = PBXFileReference; lastKnownFileType = sourcecode.swift; path = MKSearchChip.swift; sourceTree = "<group>"; };
		FD92907B2A9E488A00A41A6B /* MKFloatingButton.swift */ = {isa = PBXFileReference; lastKnownFileType = sourcecode.swift; path = MKFloatingButton.swift; sourceTree = "<group>"; };
		FD92907D2A9E4CC100A41A6B /* LoginView.swift */ = {isa = PBXFileReference; lastKnownFileType = sourcecode.swift; path = LoginView.swift; sourceTree = "<group>"; };
		FD92907F2A9E4FA800A41A6B /* KakaoLoginButton.swift */ = {isa = PBXFileReference; lastKnownFileType = sourcecode.swift; path = KakaoLoginButton.swift; sourceTree = "<group>"; };
		FD9290812A9E52FA00A41A6B /* UIScreen+.swift */ = {isa = PBXFileReference; lastKnownFileType = sourcecode.swift; path = "UIScreen+.swift"; sourceTree = "<group>"; };
		FD9290832A9E56A100A41A6B /* MAKS.entitlements */ = {isa = PBXFileReference; lastKnownFileType = text.plist.entitlements; path = MAKS.entitlements; sourceTree = "<group>"; };
		FD9290842A9E57EE00A41A6B /* AppleLoginButton.swift */ = {isa = PBXFileReference; lastKnownFileType = sourcecode.swift; path = AppleLoginButton.swift; sourceTree = "<group>"; };
		FD9290872A9E5C6300A41A6B /* MyPageView.swift */ = {isa = PBXFileReference; lastKnownFileType = sourcecode.swift; path = MyPageView.swift; sourceTree = "<group>"; };
		FD92908B2A9E638F00A41A6B /* ChevronRightButton.swift */ = {isa = PBXFileReference; lastKnownFileType = sourcecode.swift; path = ChevronRightButton.swift; sourceTree = "<group>"; };
		FDD1F5D92A9EA4BF0076469D /* MKTabBar.swift */ = {isa = PBXFileReference; lastKnownFileType = sourcecode.swift; path = MKTabBar.swift; sourceTree = "<group>"; };
		FDD1F5DB2A9EB05F0076469D /* MainRouteView.swift */ = {isa = PBXFileReference; lastKnownFileType = sourcecode.swift; path = MainRouteView.swift; sourceTree = "<group>"; };
		FDD1F5E12A9EB5B20076469D /* HomeView.swift */ = {isa = PBXFileReference; lastKnownFileType = sourcecode.swift; path = HomeView.swift; sourceTree = "<group>"; };
		FDD1F5E32A9FCA150076469D /* MarketRowView.swift */ = {isa = PBXFileReference; lastKnownFileType = sourcecode.swift; path = MarketRowView.swift; sourceTree = "<group>"; };
		FDD1F5E52A9FD5470076469D /* TitleBar.swift */ = {isa = PBXFileReference; lastKnownFileType = sourcecode.swift; path = TitleBar.swift; sourceTree = "<group>"; };
		FDD1F5E72AA2338D0076469D /* OrderListView.swift */ = {isa = PBXFileReference; lastKnownFileType = sourcecode.swift; path = OrderListView.swift; sourceTree = "<group>"; };
		FDD1F5E92AA233CC0076469D /* OrderRowView.swift */ = {isa = PBXFileReference; lastKnownFileType = sourcecode.swift; path = OrderRowView.swift; sourceTree = "<group>"; };
		FDD1F5EB2AA234440076469D /* Date+.swift */ = {isa = PBXFileReference; lastKnownFileType = sourcecode.swift; path = "Date+.swift"; sourceTree = "<group>"; };
		FDD1F5ED2AA252B90076469D /* SearchView.swift */ = {isa = PBXFileReference; lastKnownFileType = sourcecode.swift; path = SearchView.swift; sourceTree = "<group>"; };
		FDD1F5EF2AA253190076469D /* SearchResultView.swift */ = {isa = PBXFileReference; lastKnownFileType = sourcecode.swift; path = SearchResultView.swift; sourceTree = "<group>"; };
		FDECBD332AA6FC5D00EB0619 /* MarketDetailView.swift */ = {isa = PBXFileReference; lastKnownFileType = sourcecode.swift; path = MarketDetailView.swift; sourceTree = "<group>"; };
		FDECBD352AA7248000EB0619 /* MenuRow.swift */ = {isa = PBXFileReference; lastKnownFileType = sourcecode.swift; path = MenuRow.swift; sourceTree = "<group>"; };
/* End PBXFileReference section */

/* Begin PBXFrameworksBuildPhase section */
		FD9290552A9D1EE900A41A6B /* Frameworks */ = {
			isa = PBXFrameworksBuildPhase;
			buildActionMask = 2147483647;
			files = (
				FD465B982AB92C6800827911 /* KakaoSDKUser in Frameworks */,
				FD465B912AB92C0800827911 /* Alamofire in Frameworks */,
				FD465B942AB92C6800827911 /* KakaoSDK in Frameworks */,
				FD465B962AB92C6800827911 /* KakaoSDKAuth in Frameworks */,
			);
			runOnlyForDeploymentPostprocessing = 0;
		};
/* End PBXFrameworksBuildPhase section */

/* Begin PBXGroup section */
		FD92904F2A9D1EE900A41A6B = {
			isa = PBXGroup;
			children = (
				FD92905A2A9D1EE900A41A6B /* MAKS */,
				FD9290592A9D1EE900A41A6B /* Products */,
			);
			sourceTree = "<group>";
		};
		FD9290592A9D1EE900A41A6B /* Products */ = {
			isa = PBXGroup;
			children = (
				FD9290582A9D1EE900A41A6B /* MAKS.app */,
			);
			name = Products;
			sourceTree = "<group>";
		};
		FD92905A2A9D1EE900A41A6B /* MAKS */ = {
			isa = PBXGroup;
			children = (
				FD9290832A9E56A100A41A6B /* MAKS.entitlements */,
				FD9290702A9D595600A41A6B /* Constant */,
				FD92906D2A9D508700A41A6B /* UIConfig */,
				FD92906C2A9D507F00A41A6B /* Extension */,
				FD9290692A9D504900A41A6B /* View */,
				FD92906A2A9D504F00A41A6B /* ViewModel */,
				FD92906B2A9D505800A41A6B /* Model */,
				FD92905B2A9D1EE900A41A6B /* MAKSApp.swift */,
				FD92905F2A9D1EEA00A41A6B /* Assets.xcassets */,
				FD9290612A9D1EEA00A41A6B /* Preview Content */,
			);
			path = MAKS;
			sourceTree = "<group>";
		};
		FD9290612A9D1EEA00A41A6B /* Preview Content */ = {
			isa = PBXGroup;
			children = (
				FD9290622A9D1EEA00A41A6B /* Preview Assets.xcassets */,
			);
			path = "Preview Content";
			sourceTree = "<group>";
		};
		FD9290692A9D504900A41A6B /* View */ = {
			isa = PBXGroup;
			children = (
				FDD1F5DB2A9EB05F0076469D /* MainRouteView.swift */,
				FDECBD322AA4274A00EB0619 /* Market */,
				FDD1F5DD2A9EB5510076469D /* Home */,
				FDD1F5DF2A9EB5690076469D /* Search */,
				FDD1F5E02A9EB5700076469D /* OrderList */,
				FD9290742A9E3AAE00A41A6B /* Component */,
				FD9290862A9E5C5800A41A6B /* MyPage */,
				FD9290712A9E3A5F00A41A6B /* Login */,
			);
			path = View;
			sourceTree = "<group>";
		};
		FD92906A2A9D504F00A41A6B /* ViewModel */ = {
			isa = PBXGroup;
			children = (
				FD30DCA52AB040E5002A35C7 /* MenuViewModel.swift */,
				FD30DCA72AB040FD002A35C7 /* MarketViewModel.swift */,
				FD30DCA92AB04129002A35C7 /* UserViewModel.swift */,
				FD30DCAB2AB0413D002A35C7 /* OrderViewModel.swift */,
				FD30DCB52AB044EC002A35C7 /* ViewModelProtocol.swift */,
			);
			path = ViewModel;
			sourceTree = "<group>";
		};
		FD92906B2A9D505800A41A6B /* Model */ = {
			isa = PBXGroup;
			children = (
				FD30DCAD2AB041CC002A35C7 /* Menu.swift */,
				FD30DCAF2AB042C8002A35C7 /* Market.swift */,
				FD30DCB12AB04302002A35C7 /* User.swift */,
				FD30DCB32AB04349002A35C7 /* Order.swift */,
			);
			path = Model;
			sourceTree = "<group>";
		};
		FD92906C2A9D507F00A41A6B /* Extension */ = {
			isa = PBXGroup;
			children = (
				FD92906E2A9D50B500A41A6B /* Color+.swift */,
				FD9290812A9E52FA00A41A6B /* UIScreen+.swift */,
				FDD1F5EB2AA234440076469D /* Date+.swift */,
			);
			path = Extension;
			sourceTree = "<group>";
		};
		FD92906D2A9D508700A41A6B /* UIConfig */ = {
			isa = PBXGroup;
			children = (
			);
			path = UIConfig;
			sourceTree = "<group>";
		};
		FD9290702A9D595600A41A6B /* Constant */ = {
			isa = PBXGroup;
			children = (
			);
			path = Constant;
			sourceTree = "<group>";
		};
		FD9290712A9E3A5F00A41A6B /* Login */ = {
			isa = PBXGroup;
			children = (
				FD92907D2A9E4CC100A41A6B /* LoginView.swift */,
			);
			path = Login;
			sourceTree = "<group>";
		};
		FD9290742A9E3AAE00A41A6B /* Component */ = {
			isa = PBXGroup;
			children = (
				FD9290752A9E3ACB00A41A6B /* MKButton.swift */,
				FD9290772A9E421900A41A6B /* MKSearchBar.swift */,
				FD9290792A9E461F00A41A6B /* MKSearchChip.swift */,
				FD92907B2A9E488A00A41A6B /* MKFloatingButton.swift */,
				FD92907F2A9E4FA800A41A6B /* KakaoLoginButton.swift */,
				FD9290842A9E57EE00A41A6B /* AppleLoginButton.swift */,
				FD92908B2A9E638F00A41A6B /* ChevronRightButton.swift */,
				FDD1F5D92A9EA4BF0076469D /* MKTabBar.swift */,
				FDD1F5E52A9FD5470076469D /* TitleBar.swift */,
			);
			path = Component;
			sourceTree = "<group>";
		};
		FD9290862A9E5C5800A41A6B /* MyPage */ = {
			isa = PBXGroup;
			children = (
				FD9290872A9E5C6300A41A6B /* MyPageView.swift */,
			);
			path = MyPage;
			sourceTree = "<group>";
		};
		FDD1F5DD2A9EB5510076469D /* Home */ = {
			isa = PBXGroup;
			children = (
				FDD1F5E12A9EB5B20076469D /* HomeView.swift */,
				FDD1F5E32A9FCA150076469D /* MarketRowView.swift */,
			);
			path = Home;
			sourceTree = "<group>";
		};
		FDD1F5DF2A9EB5690076469D /* Search */ = {
			isa = PBXGroup;
			children = (
				FDD1F5ED2AA252B90076469D /* SearchView.swift */,
				FDD1F5EF2AA253190076469D /* SearchResultView.swift */,
			);
			path = Search;
			sourceTree = "<group>";
		};
		FDD1F5E02A9EB5700076469D /* OrderList */ = {
			isa = PBXGroup;
			children = (
				FDD1F5E72AA2338D0076469D /* OrderListView.swift */,
				FDD1F5E92AA233CC0076469D /* OrderRowView.swift */,
			);
			path = OrderList;
			sourceTree = "<group>";
		};
		FDECBD322AA4274A00EB0619 /* Market */ = {
			isa = PBXGroup;
			children = (
				FDECBD332AA6FC5D00EB0619 /* MarketDetailView.swift */,
				FDECBD352AA7248000EB0619 /* MenuRow.swift */,
			);
			path = Market;
			sourceTree = "<group>";
		};
/* End PBXGroup section */

/* Begin PBXNativeTarget section */
		FD9290572A9D1EE900A41A6B /* MAKS */ = {
			isa = PBXNativeTarget;
			buildConfigurationList = FD9290662A9D1EEA00A41A6B /* Build configuration list for PBXNativeTarget "MAKS" */;
			buildPhases = (
				FD9290542A9D1EE900A41A6B /* Sources */,
				FD9290552A9D1EE900A41A6B /* Frameworks */,
				FD9290562A9D1EE900A41A6B /* Resources */,
			);
			buildRules = (
			);
			dependencies = (
			);
			name = MAKS;
			packageProductDependencies = (
				FD465B902AB92C0800827911 /* Alamofire */,
				FD465B932AB92C6800827911 /* KakaoSDK */,
				FD465B952AB92C6800827911 /* KakaoSDKAuth */,
				FD465B972AB92C6800827911 /* KakaoSDKUser */,
			);
			productName = MAKS;
			productReference = FD9290582A9D1EE900A41A6B /* MAKS.app */;
			productType = "com.apple.product-type.application";
		};
/* End PBXNativeTarget section */

/* Begin PBXProject section */
		FD9290502A9D1EE900A41A6B /* Project object */ = {
			isa = PBXProject;
			attributes = {
				BuildIndependentTargetsInParallel = 1;
				LastSwiftUpdateCheck = 1420;
				LastUpgradeCheck = 1420;
				TargetAttributes = {
					FD9290572A9D1EE900A41A6B = {
						CreatedOnToolsVersion = 14.2;
					};
				};
			};
			buildConfigurationList = FD9290532A9D1EE900A41A6B /* Build configuration list for PBXProject "MAKS" */;
			compatibilityVersion = "Xcode 14.0";
			developmentRegion = en;
			hasScannedForEncodings = 0;
			knownRegions = (
				en,
				Base,
				ko,
			);
			mainGroup = FD92904F2A9D1EE900A41A6B;
			packageReferences = (
				FD465B8F2AB92C0800827911 /* XCRemoteSwiftPackageReference "Alamofire" */,
				FD465B922AB92C6800827911 /* XCRemoteSwiftPackageReference "kakao-ios-sdk" */,
			);
			productRefGroup = FD9290592A9D1EE900A41A6B /* Products */;
			projectDirPath = "";
			projectRoot = "";
			targets = (
				FD9290572A9D1EE900A41A6B /* MAKS */,
			);
		};
/* End PBXProject section */

/* Begin PBXResourcesBuildPhase section */
		FD9290562A9D1EE900A41A6B /* Resources */ = {
			isa = PBXResourcesBuildPhase;
			buildActionMask = 2147483647;
			files = (
				FD9290632A9D1EEA00A41A6B /* Preview Assets.xcassets in Resources */,
				FD9290602A9D1EEA00A41A6B /* Assets.xcassets in Resources */,
			);
			runOnlyForDeploymentPostprocessing = 0;
		};
/* End PBXResourcesBuildPhase section */

/* Begin PBXSourcesBuildPhase section */
		FD9290542A9D1EE900A41A6B /* Sources */ = {
			isa = PBXSourcesBuildPhase;
			buildActionMask = 2147483647;
			files = (
				FD92907C2A9E488A00A41A6B /* MKFloatingButton.swift in Sources */,
				FD9290822A9E52FA00A41A6B /* UIScreen+.swift in Sources */,
				FD30DCB42AB04349002A35C7 /* Order.swift in Sources */,
				FD92906F2A9D50B500A41A6B /* Color+.swift in Sources */,
				FD30DCA62AB040E5002A35C7 /* MenuViewModel.swift in Sources */,
				FD30DCB22AB04302002A35C7 /* User.swift in Sources */,
				FDD1F5E22A9EB5B20076469D /* HomeView.swift in Sources */,
				FD9290762A9E3ACB00A41A6B /* MKButton.swift in Sources */,
				FDECBD362AA7248000EB0619 /* MenuRow.swift in Sources */,
				FDD1F5E42A9FCA150076469D /* MarketRowView.swift in Sources */,
				FD92907A2A9E461F00A41A6B /* MKSearchChip.swift in Sources */,
				FDD1F5EC2AA234440076469D /* Date+.swift in Sources */,
				FDECBD342AA6FC5D00EB0619 /* MarketDetailView.swift in Sources */,
				FD9290782A9E421A00A41A6B /* MKSearchBar.swift in Sources */,
				FD9290882A9E5C6300A41A6B /* MyPageView.swift in Sources */,
				FDD1F5EE2AA252B90076469D /* SearchView.swift in Sources */,
				FDD1F5DA2A9EA4BF0076469D /* MKTabBar.swift in Sources */,
				FD9290852A9E57EE00A41A6B /* AppleLoginButton.swift in Sources */,
				FDD1F5E82AA2338D0076469D /* OrderListView.swift in Sources */,
				FD9290802A9E4FA800A41A6B /* KakaoLoginButton.swift in Sources */,
				FD30DCAE2AB041CC002A35C7 /* Menu.swift in Sources */,
				FD30DCA82AB040FD002A35C7 /* MarketViewModel.swift in Sources */,
				FD30DCAC2AB0413D002A35C7 /* OrderViewModel.swift in Sources */,
				FD92907E2A9E4CC100A41A6B /* LoginView.swift in Sources */,
				FDD1F5DC2A9EB05F0076469D /* MainRouteView.swift in Sources */,
				FDD1F5F02AA253190076469D /* SearchResultView.swift in Sources */,
				FD92908C2A9E638F00A41A6B /* ChevronRightButton.swift in Sources */,
				FD92905C2A9D1EE900A41A6B /* MAKSApp.swift in Sources */,
				FDD1F5E62A9FD5470076469D /* TitleBar.swift in Sources */,
				FD30DCB62AB044EC002A35C7 /* ViewModelProtocol.swift in Sources */,
				FD30DCAA2AB04129002A35C7 /* UserViewModel.swift in Sources */,
				FDD1F5EA2AA233CC0076469D /* OrderRowView.swift in Sources */,
				FD30DCB02AB042C8002A35C7 /* Market.swift in Sources */,
			);
			runOnlyForDeploymentPostprocessing = 0;
		};
/* End PBXSourcesBuildPhase section */

/* Begin XCBuildConfiguration section */
		FD9290642A9D1EEA00A41A6B /* Debug */ = {
			isa = XCBuildConfiguration;
			buildSettings = {
				ALWAYS_SEARCH_USER_PATHS = NO;
				CLANG_ANALYZER_NONNULL = YES;
				CLANG_ANALYZER_NUMBER_OBJECT_CONVERSION = YES_AGGRESSIVE;
				CLANG_CXX_LANGUAGE_STANDARD = "gnu++20";
				CLANG_ENABLE_MODULES = YES;
				CLANG_ENABLE_OBJC_ARC = YES;
				CLANG_ENABLE_OBJC_WEAK = YES;
				CLANG_WARN_BLOCK_CAPTURE_AUTORELEASING = YES;
				CLANG_WARN_BOOL_CONVERSION = YES;
				CLANG_WARN_COMMA = YES;
				CLANG_WARN_CONSTANT_CONVERSION = YES;
				CLANG_WARN_DEPRECATED_OBJC_IMPLEMENTATIONS = YES;
				CLANG_WARN_DIRECT_OBJC_ISA_USAGE = YES_ERROR;
				CLANG_WARN_DOCUMENTATION_COMMENTS = YES;
				CLANG_WARN_EMPTY_BODY = YES;
				CLANG_WARN_ENUM_CONVERSION = YES;
				CLANG_WARN_INFINITE_RECURSION = YES;
				CLANG_WARN_INT_CONVERSION = YES;
				CLANG_WARN_NON_LITERAL_NULL_CONVERSION = YES;
				CLANG_WARN_OBJC_IMPLICIT_RETAIN_SELF = YES;
				CLANG_WARN_OBJC_LITERAL_CONVERSION = YES;
				CLANG_WARN_OBJC_ROOT_CLASS = YES_ERROR;
				CLANG_WARN_QUOTED_INCLUDE_IN_FRAMEWORK_HEADER = YES;
				CLANG_WARN_RANGE_LOOP_ANALYSIS = YES;
				CLANG_WARN_STRICT_PROTOTYPES = YES;
				CLANG_WARN_SUSPICIOUS_MOVE = YES;
				CLANG_WARN_UNGUARDED_AVAILABILITY = YES_AGGRESSIVE;
				CLANG_WARN_UNREACHABLE_CODE = YES;
				CLANG_WARN__DUPLICATE_METHOD_MATCH = YES;
				COPY_PHASE_STRIP = NO;
				DEBUG_INFORMATION_FORMAT = dwarf;
				ENABLE_STRICT_OBJC_MSGSEND = YES;
				ENABLE_TESTABILITY = YES;
				GCC_C_LANGUAGE_STANDARD = gnu11;
				GCC_DYNAMIC_NO_PIC = NO;
				GCC_NO_COMMON_BLOCKS = YES;
				GCC_OPTIMIZATION_LEVEL = 0;
				GCC_PREPROCESSOR_DEFINITIONS = (
					"DEBUG=1",
					"$(inherited)",
				);
				GCC_WARN_64_TO_32_BIT_CONVERSION = YES;
				GCC_WARN_ABOUT_RETURN_TYPE = YES_ERROR;
				GCC_WARN_UNDECLARED_SELECTOR = YES;
				GCC_WARN_UNINITIALIZED_AUTOS = YES_AGGRESSIVE;
				GCC_WARN_UNUSED_FUNCTION = YES;
				GCC_WARN_UNUSED_VARIABLE = YES;
				IPHONEOS_DEPLOYMENT_TARGET = 16.0;
				MTL_ENABLE_DEBUG_INFO = INCLUDE_SOURCE;
				MTL_FAST_MATH = YES;
				ONLY_ACTIVE_ARCH = YES;
				SDKROOT = iphoneos;
				SWIFT_ACTIVE_COMPILATION_CONDITIONS = DEBUG;
				SWIFT_OPTIMIZATION_LEVEL = "-Onone";
			};
			name = Debug;
		};
		FD9290652A9D1EEA00A41A6B /* Release */ = {
			isa = XCBuildConfiguration;
			buildSettings = {
				ALWAYS_SEARCH_USER_PATHS = NO;
				CLANG_ANALYZER_NONNULL = YES;
				CLANG_ANALYZER_NUMBER_OBJECT_CONVERSION = YES_AGGRESSIVE;
				CLANG_CXX_LANGUAGE_STANDARD = "gnu++20";
				CLANG_ENABLE_MODULES = YES;
				CLANG_ENABLE_OBJC_ARC = YES;
				CLANG_ENABLE_OBJC_WEAK = YES;
				CLANG_WARN_BLOCK_CAPTURE_AUTORELEASING = YES;
				CLANG_WARN_BOOL_CONVERSION = YES;
				CLANG_WARN_COMMA = YES;
				CLANG_WARN_CONSTANT_CONVERSION = YES;
				CLANG_WARN_DEPRECATED_OBJC_IMPLEMENTATIONS = YES;
				CLANG_WARN_DIRECT_OBJC_ISA_USAGE = YES_ERROR;
				CLANG_WARN_DOCUMENTATION_COMMENTS = YES;
				CLANG_WARN_EMPTY_BODY = YES;
				CLANG_WARN_ENUM_CONVERSION = YES;
				CLANG_WARN_INFINITE_RECURSION = YES;
				CLANG_WARN_INT_CONVERSION = YES;
				CLANG_WARN_NON_LITERAL_NULL_CONVERSION = YES;
				CLANG_WARN_OBJC_IMPLICIT_RETAIN_SELF = YES;
				CLANG_WARN_OBJC_LITERAL_CONVERSION = YES;
				CLANG_WARN_OBJC_ROOT_CLASS = YES_ERROR;
				CLANG_WARN_QUOTED_INCLUDE_IN_FRAMEWORK_HEADER = YES;
				CLANG_WARN_RANGE_LOOP_ANALYSIS = YES;
				CLANG_WARN_STRICT_PROTOTYPES = YES;
				CLANG_WARN_SUSPICIOUS_MOVE = YES;
				CLANG_WARN_UNGUARDED_AVAILABILITY = YES_AGGRESSIVE;
				CLANG_WARN_UNREACHABLE_CODE = YES;
				CLANG_WARN__DUPLICATE_METHOD_MATCH = YES;
				COPY_PHASE_STRIP = NO;
				DEBUG_INFORMATION_FORMAT = "dwarf-with-dsym";
				ENABLE_NS_ASSERTIONS = NO;
				ENABLE_STRICT_OBJC_MSGSEND = YES;
				GCC_C_LANGUAGE_STANDARD = gnu11;
				GCC_NO_COMMON_BLOCKS = YES;
				GCC_WARN_64_TO_32_BIT_CONVERSION = YES;
				GCC_WARN_ABOUT_RETURN_TYPE = YES_ERROR;
				GCC_WARN_UNDECLARED_SELECTOR = YES;
				GCC_WARN_UNINITIALIZED_AUTOS = YES_AGGRESSIVE;
				GCC_WARN_UNUSED_FUNCTION = YES;
				GCC_WARN_UNUSED_VARIABLE = YES;
				IPHONEOS_DEPLOYMENT_TARGET = 16.0;
				MTL_ENABLE_DEBUG_INFO = NO;
				MTL_FAST_MATH = YES;
				SDKROOT = iphoneos;
				SWIFT_COMPILATION_MODE = wholemodule;
				SWIFT_OPTIMIZATION_LEVEL = "-O";
				VALIDATE_PRODUCT = YES;
			};
			name = Release;
		};
		FD9290672A9D1EEA00A41A6B /* Debug */ = {
			isa = XCBuildConfiguration;
			buildSettings = {
				ASSETCATALOG_COMPILER_APPICON_NAME = AppIcon;
				ASSETCATALOG_COMPILER_GLOBAL_ACCENT_COLOR_NAME = AccentColor;
				CODE_SIGN_ENTITLEMENTS = MAKS/MAKS.entitlements;
				CODE_SIGN_STYLE = Automatic;
				CURRENT_PROJECT_VERSION = 1;
				DEVELOPMENT_ASSET_PATHS = "\"MAKS/Preview Content\"";
				DEVELOPMENT_TEAM = 4N97P5J52N;
				ENABLE_PREVIEWS = YES;
				GENERATE_INFOPLIST_FILE = YES;
				INFOPLIST_KEY_UIApplicationSceneManifest_Generation = YES;
				INFOPLIST_KEY_UIApplicationSupportsIndirectInputEvents = YES;
				INFOPLIST_KEY_UILaunchScreen_Generation = YES;
				INFOPLIST_KEY_UISupportedInterfaceOrientations = UIInterfaceOrientationPortrait;
				INFOPLIST_KEY_UISupportedInterfaceOrientations_iPad = "UIInterfaceOrientationLandscapeLeft UIInterfaceOrientationLandscapeRight UIInterfaceOrientationPortrait UIInterfaceOrientationPortraitUpsideDown";
				IPHONEOS_DEPLOYMENT_TARGET = 16.0;
				LD_RUNPATH_SEARCH_PATHS = (
					"$(inherited)",
					"@executable_path/Frameworks",
				);
				MARKETING_VERSION = 1.0;
				PRODUCT_BUNDLE_IDENTIFIER = com.sole.MAKS;
				PRODUCT_NAME = "$(TARGET_NAME)";
				SUPPORTED_PLATFORMS = "iphoneos iphonesimulator";
				SUPPORTS_MACCATALYST = NO;
				SUPPORTS_MAC_DESIGNED_FOR_IPHONE_IPAD = NO;
				SWIFT_EMIT_LOC_STRINGS = YES;
				SWIFT_VERSION = 5.0;
				TARGETED_DEVICE_FAMILY = 1;
			};
			name = Debug;
		};
		FD9290682A9D1EEA00A41A6B /* Release */ = {
			isa = XCBuildConfiguration;
			buildSettings = {
				ASSETCATALOG_COMPILER_APPICON_NAME = AppIcon;
				ASSETCATALOG_COMPILER_GLOBAL_ACCENT_COLOR_NAME = AccentColor;
				CODE_SIGN_ENTITLEMENTS = MAKS/MAKS.entitlements;
				CODE_SIGN_STYLE = Automatic;
				CURRENT_PROJECT_VERSION = 1;
				DEVELOPMENT_ASSET_PATHS = "\"MAKS/Preview Content\"";
				DEVELOPMENT_TEAM = 4N97P5J52N;
				ENABLE_PREVIEWS = YES;
				GENERATE_INFOPLIST_FILE = YES;
				INFOPLIST_KEY_UIApplicationSceneManifest_Generation = YES;
				INFOPLIST_KEY_UIApplicationSupportsIndirectInputEvents = YES;
				INFOPLIST_KEY_UILaunchScreen_Generation = YES;
				INFOPLIST_KEY_UISupportedInterfaceOrientations = UIInterfaceOrientationPortrait;
				INFOPLIST_KEY_UISupportedInterfaceOrientations_iPad = "UIInterfaceOrientationLandscapeLeft UIInterfaceOrientationLandscapeRight UIInterfaceOrientationPortrait UIInterfaceOrientationPortraitUpsideDown";
				IPHONEOS_DEPLOYMENT_TARGET = 16.0;
				LD_RUNPATH_SEARCH_PATHS = (
					"$(inherited)",
					"@executable_path/Frameworks",
				);
				MARKETING_VERSION = 1.0;
				PRODUCT_BUNDLE_IDENTIFIER = com.sole.MAKS;
				PRODUCT_NAME = "$(TARGET_NAME)";
				SUPPORTED_PLATFORMS = "iphoneos iphonesimulator";
				SUPPORTS_MACCATALYST = NO;
				SUPPORTS_MAC_DESIGNED_FOR_IPHONE_IPAD = NO;
				SWIFT_EMIT_LOC_STRINGS = YES;
				SWIFT_VERSION = 5.0;
				TARGETED_DEVICE_FAMILY = 1;
			};
			name = Release;
		};
/* End XCBuildConfiguration section */

/* Begin XCConfigurationList section */
		FD9290532A9D1EE900A41A6B /* Build configuration list for PBXProject "MAKS" */ = {
			isa = XCConfigurationList;
			buildConfigurations = (
				FD9290642A9D1EEA00A41A6B /* Debug */,
				FD9290652A9D1EEA00A41A6B /* Release */,
			);
			defaultConfigurationIsVisible = 0;
			defaultConfigurationName = Release;
		};
		FD9290662A9D1EEA00A41A6B /* Build configuration list for PBXNativeTarget "MAKS" */ = {
			isa = XCConfigurationList;
			buildConfigurations = (
				FD9290672A9D1EEA00A41A6B /* Debug */,
				FD9290682A9D1EEA00A41A6B /* Release */,
			);
			defaultConfigurationIsVisible = 0;
			defaultConfigurationName = Release;
		};
/* End XCConfigurationList section */

/* Begin XCRemoteSwiftPackageReference section */
		FD465B8F2AB92C0800827911 /* XCRemoteSwiftPackageReference "Alamofire" */ = {
			isa = XCRemoteSwiftPackageReference;
			repositoryURL = "https://github.com/Alamofire/Alamofire";
			requirement = {
				kind = upToNextMajorVersion;
				minimumVersion = 5.0.0;
			};
		};
		FD465B922AB92C6800827911 /* XCRemoteSwiftPackageReference "kakao-ios-sdk" */ = {
			isa = XCRemoteSwiftPackageReference;
			repositoryURL = "https://github.com/kakao/kakao-ios-sdk";
			requirement = {
				kind = upToNextMajorVersion;
				minimumVersion = 2.0.0;
			};
		};
/* End XCRemoteSwiftPackageReference section */

/* Begin XCSwiftPackageProductDependency section */
		FD465B902AB92C0800827911 /* Alamofire */ = {
			isa = XCSwiftPackageProductDependency;
			package = FD465B8F2AB92C0800827911 /* XCRemoteSwiftPackageReference "Alamofire" */;
			productName = Alamofire;
		};
		FD465B932AB92C6800827911 /* KakaoSDK */ = {
			isa = XCSwiftPackageProductDependency;
			package = FD465B922AB92C6800827911 /* XCRemoteSwiftPackageReference "kakao-ios-sdk" */;
			productName = KakaoSDK;
		};
		FD465B952AB92C6800827911 /* KakaoSDKAuth */ = {
			isa = XCSwiftPackageProductDependency;
			package = FD465B922AB92C6800827911 /* XCRemoteSwiftPackageReference "kakao-ios-sdk" */;
			productName = KakaoSDKAuth;
		};
		FD465B972AB92C6800827911 /* KakaoSDKUser */ = {
			isa = XCSwiftPackageProductDependency;
			package = FD465B922AB92C6800827911 /* XCRemoteSwiftPackageReference "kakao-ios-sdk" */;
			productName = KakaoSDKUser;
		};
/* End XCSwiftPackageProductDependency section */
	};
	rootObject = FD9290502A9D1EE900A41A6B /* Project object */;
}
